// !$*UTF8*$!
{
	archiveVersion = 1;
	classes = {
	};
	objectVersion = 54;
	objects = {

/* Begin PBXBuildFile section */
		058557BB273AAA24004C7B11 /* Assets.xcassets in Resources */ = {isa = PBXBuildFile; fileRef = 058557BA273AAA24004C7B11 /* Assets.xcassets */; };
		058557D9273AAEEB004C7B11 /* Preview Assets.xcassets in Resources */ = {isa = PBXBuildFile; fileRef = 058557D8273AAEEB004C7B11 /* Preview Assets.xcassets */; };
		0761E5F72AF051F4006FE2B1 /* 1858_com.principal.fondosinversion2022-09-04 00_00_00.lic in Resources */ = {isa = PBXBuildFile; fileRef = 0761E5942AF051F4006FE2B1 /* 1858_com.principal.fondosinversion2022-09-04 00_00_00.lic */; };
		0761E6072AF051F4006FE2B1 /* Daon.bundle in Resources */ = {isa = PBXBuildFile; fileRef = 0761E5A62AF051F4006FE2B1 /* Daon.bundle */; };
		0761E60B2AF051F4006FE2B1 /* defaultPrefs.plist in Resources */ = {isa = PBXBuildFile; fileRef = 0761E5AC2AF051F4006FE2B1 /* defaultPrefs.plist */; };
		0761E60C2AF051F4006FE2B1 /* license.txt in Resources */ = {isa = PBXBuildFile; fileRef = 0761E5AD2AF051F4006FE2B1 /* license.txt */; };
		0761E6102AF051F4006FE2B1 /* FacialDaonSdkDelExt.swift in Sources */ = {isa = PBXBuildFile; fileRef = 0761E5B52AF051F4006FE2B1 /* FacialDaonSdkDelExt.swift */; };
		0761E6112AF051F4006FE2B1 /* FacialSDKManager.swift in Sources */ = {isa = PBXBuildFile; fileRef = 0761E5B62AF051F4006FE2B1 /* FacialSDKManager.swift */; };
		0761E6122AF051F4006FE2B1 /* FacialPSFacialServicesDelegate.swift in Sources */ = {isa = PBXBuildFile; fileRef = 0761E5B82AF051F4006FE2B1 /* FacialPSFacialServicesDelegate.swift */; };
		0761E6132AF051F4006FE2B1 /* FacialPSFacialEnginePSDaonSdkDelExt.swift in Sources */ = {isa = PBXBuildFile; fileRef = 0761E5BA2AF051F4006FE2B1 /* FacialPSFacialEnginePSDaonSdkDelExt.swift */; };
		0761E6142AF051F4006FE2B1 /* FacialPSFacialEnginePSFacialUIDelExt.swift in Sources */ = {isa = PBXBuildFile; fileRef = 0761E5BB2AF051F4006FE2B1 /* FacialPSFacialEnginePSFacialUIDelExt.swift */; };
		0761E6152AF051F4006FE2B1 /* FacialPSFacialEngineDelegateExt.swift in Sources */ = {isa = PBXBuildFile; fileRef = 0761E5BC2AF051F4006FE2B1 /* FacialPSFacialEngineDelegateExt.swift */; };
		0761E6162AF051F4006FE2B1 /* FacialPSFacialEngineCaptureManagerDelegateExt.swift in Sources */ = {isa = PBXBuildFile; fileRef = 0761E5BD2AF051F4006FE2B1 /* FacialPSFacialEngineCaptureManagerDelegateExt.swift */; };
		0761E6172AF051F4006FE2B1 /* FacialPSFacialEnginePSFacialServicesDelExt.swift in Sources */ = {isa = PBXBuildFile; fileRef = 0761E5BE2AF051F4006FE2B1 /* FacialPSFacialEnginePSFacialServicesDelExt.swift */; };
		0761E6182AF051F4006FE2B1 /* FacialPSFacialEngineMainAppDelExt.swift in Sources */ = {isa = PBXBuildFile; fileRef = 0761E5BF2AF051F4006FE2B1 /* FacialPSFacialEngineMainAppDelExt.swift */; };
		0761E6192AF051F4006FE2B1 /* FacialSDKManagerPSFUTutorialVC4DelExt.swift in Sources */ = {isa = PBXBuildFile; fileRef = 0761E5C22AF051F4006FE2B1 /* FacialSDKManagerPSFUTutorialVC4DelExt.swift */; };
		0761E61A2AF051F4006FE2B1 /* FacialLoadingVCDelExt.swift in Sources */ = {isa = PBXBuildFile; fileRef = 0761E5C42AF051F4006FE2B1 /* FacialLoadingVCDelExt.swift */; };
		0761E61C2AF051F4006FE2B1 /* FacialPSWelcomeDelExt.swift in Sources */ = {isa = PBXBuildFile; fileRef = 0761E5C82AF051F4006FE2B1 /* FacialPSWelcomeDelExt.swift */; };
		0761E61D2AF051F4006FE2B1 /* FacialReviewVCDelegateExt.swift in Sources */ = {isa = PBXBuildFile; fileRef = 0761E5CA2AF051F4006FE2B1 /* FacialReviewVCDelegateExt.swift */; };
		0761E61E2AF051F4006FE2B1 /* FacialPSFUDocumentScanHolderVCDelExt.swift in Sources */ = {isa = PBXBuildFile; fileRef = 0761E5CC2AF051F4006FE2B1 /* FacialPSFUDocumentScanHolderVCDelExt.swift */; };
		0761E61F2AF051F4006FE2B1 /* FacialPSFUDocumentCaptureOverlayVCDelExt.swift in Sources */ = {isa = PBXBuildFile; fileRef = 0761E5CD2AF051F4006FE2B1 /* FacialPSFUDocumentCaptureOverlayVCDelExt.swift */; };
		0761E6202AF051F4006FE2B1 /* FacialPSFUDocumentTutorialDelegateVCDelExt.swift in Sources */ = {isa = PBXBuildFile; fileRef = 0761E5CE2AF051F4006FE2B1 /* FacialPSFUDocumentTutorialDelegateVCDelExt.swift */; };
		0761E6212AF051F4006FE2B1 /* FacialPSFUIDocumentCaptureFirstVCDelExt.swift in Sources */ = {isa = PBXBuildFile; fileRef = 0761E5CF2AF051F4006FE2B1 /* FacialPSFUIDocumentCaptureFirstVCDelExt.swift */; };
		0761E6222AF051F4006FE2B1 /* FacialCapturaManagerDelegateExt.swift in Sources */ = {isa = PBXBuildFile; fileRef = 0761E5D02AF051F4006FE2B1 /* FacialCapturaManagerDelegateExt.swift */; };
		0761E6232AF051F4006FE2B1 /* FacialPSFUChooseDocsInstructionsVCDelExt.swift in Sources */ = {isa = PBXBuildFile; fileRef = 0761E5D12AF051F4006FE2B1 /* FacialPSFUChooseDocsInstructionsVCDelExt.swift */; };
		0761E6242AF051F4006FE2B1 /* FacialPSFU3DLivenessVCDelExt.swift in Sources */ = {isa = PBXBuildFile; fileRef = 0761E5D32AF051F4006FE2B1 /* FacialPSFU3DLivenessVCDelExt.swift */; };
		0761E6252AF051F4006FE2B1 /* FacialSDKManPSFUTutorial3DVCDelExt.swift in Sources */ = {isa = PBXBuildFile; fileRef = 0761E5D42AF051F4006FE2B1 /* FacialSDKManPSFUTutorial3DVCDelExt.swift */; };
		0761E6262AF051F4006FE2B1 /* PSDKCapturedDocument.swift in Sources */ = {isa = PBXBuildFile; fileRef = 0761E5D72AF051F4006FE2B1 /* PSDKCapturedDocument.swift */; };
		0761E6272AF051F4006FE2B1 /* PSDKCaptureManager.swift in Sources */ = {isa = PBXBuildFile; fileRef = 0761E5D82AF051F4006FE2B1 /* PSDKCaptureManager.swift */; };
		0761E6282AF051F4006FE2B1 /* DocumentCapture.storyboard in Resources */ = {isa = PBXBuildFile; fileRef = 0761E5D92AF051F4006FE2B1 /* DocumentCapture.storyboard */; };
		0761E6292AF051F4006FE2B1 /* PSDKCapturedDocumentManager.swift in Sources */ = {isa = PBXBuildFile; fileRef = 0761E5DA2AF051F4006FE2B1 /* PSDKCapturedDocumentManager.swift */; };
		0761E62A2AF051F4006FE2B1 /* PSDKDocCaptOverlayHelperViewController.swift in Sources */ = {isa = PBXBuildFile; fileRef = 0761E5DB2AF051F4006FE2B1 /* PSDKDocCaptOverlayHelperViewController.swift */; };
		0761E62B2AF051F4006FE2B1 /* PSDKLiveness3DManager.swift in Sources */ = {isa = PBXBuildFile; fileRef = 0761E5DC2AF051F4006FE2B1 /* PSDKLiveness3DManager.swift */; };
		0761E62C2AF051F4006FE2B1 /* PSDKSingleAuthenticatorContextManager.swift in Sources */ = {isa = PBXBuildFile; fileRef = 0761E5DD2AF051F4006FE2B1 /* PSDKSingleAuthenticatorContextManager.swift */; };
		0761E62D2AF051F4006FE2B1 /* Fido.swift in Sources */ = {isa = PBXBuildFile; fileRef = 0761E5DF2AF051F4006FE2B1 /* Fido.swift */; };
		0761E62E2AF051F4006FE2B1 /* PSDKError.swift in Sources */ = {isa = PBXBuildFile; fileRef = 0761E5E02AF051F4006FE2B1 /* PSDKError.swift */; };
		0761E62F2AF051F4006FE2B1 /* FidoAuthenticationTask.swift in Sources */ = {isa = PBXBuildFile; fileRef = 0761E5E12AF051F4006FE2B1 /* FidoAuthenticationTask.swift */; };
		0761E6302AF051F4006FE2B1 /* FidoRegistrationTask.swift in Sources */ = {isa = PBXBuildFile; fileRef = 0761E5E22AF051F4006FE2B1 /* FidoRegistrationTask.swift */; };
		0761E6312AF051F4006FE2B1 /* PSDKEnums.swift in Sources */ = {isa = PBXBuildFile; fileRef = 0761E5E42AF051F4006FE2B1 /* PSDKEnums.swift */; };
		0761E6322AF051F4006FE2B1 /* PSDaonSdk.swift in Sources */ = {isa = PBXBuildFile; fileRef = 0761E5E52AF051F4006FE2B1 /* PSDaonSdk.swift */; };
		0761E6332AF051F4006FE2B1 /* PSDaonSdkDelegate.swift in Sources */ = {isa = PBXBuildFile; fileRef = 0761E5E72AF051F4006FE2B1 /* PSDaonSdkDelegate.swift */; };
		0761E6342AF051F4006FE2B1 /* CustomFlowEnrollByURLManager.swift in Sources */ = {isa = PBXBuildFile; fileRef = 0761E5E92AF051F4006FE2B1 /* CustomFlowEnrollByURLManager.swift */; };
		0761E6352AF051F4006FE2B1 /* MyCustomFlowManager.swift in Sources */ = {isa = PBXBuildFile; fileRef = 0761E5EA2AF051F4006FE2B1 /* MyCustomFlowManager.swift */; };
		0761E63C2AF052A5006FE2B1 /* daon_doc_license.txt in Resources */ = {isa = PBXBuildFile; fileRef = 0761E5AB2AF051F4006FE2B1 /* daon_doc_license.txt */; };
		0761E63D2AF05357006FE2B1 /* BlinkId.xcframework in Frameworks */ = {isa = PBXBuildFile; fileRef = 0761E59F2AF051F4006FE2B1 /* BlinkId.xcframework */; };
		0761E63E2AF05357006FE2B1 /* BlinkId.xcframework in Embed Frameworks */ = {isa = PBXBuildFile; fileRef = 0761E59F2AF051F4006FE2B1 /* BlinkId.xcframework */; settings = {ATTRIBUTES = (CodeSignOnCopy, RemoveHeadersOnCopy, ); }; };
		0761E63F2AF05357006FE2B1 /* DaonAuthenticatorFace.xcframework in Frameworks */ = {isa = PBXBuildFile; fileRef = 0761E5A22AF051F4006FE2B1 /* DaonAuthenticatorFace.xcframework */; };
		0761E6402AF05357006FE2B1 /* DaonAuthenticatorFace.xcframework in Embed Frameworks */ = {isa = PBXBuildFile; fileRef = 0761E5A22AF051F4006FE2B1 /* DaonAuthenticatorFace.xcframework */; settings = {ATTRIBUTES = (CodeSignOnCopy, RemoveHeadersOnCopy, ); }; };
		0761E6412AF05357006FE2B1 /* DaonAuthenticatorSDK.xcframework in Frameworks */ = {isa = PBXBuildFile; fileRef = 0761E59D2AF051F4006FE2B1 /* DaonAuthenticatorSDK.xcframework */; };
		0761E6422AF05357006FE2B1 /* DaonAuthenticatorSDK.xcframework in Embed Frameworks */ = {isa = PBXBuildFile; fileRef = 0761E59D2AF051F4006FE2B1 /* DaonAuthenticatorSDK.xcframework */; settings = {ATTRIBUTES = (CodeSignOnCopy, RemoveHeadersOnCopy, ); }; };
		0761E6432AF05357006FE2B1 /* DaonCryptoSDK.xcframework in Frameworks */ = {isa = PBXBuildFile; fileRef = 0761E5A02AF051F4006FE2B1 /* DaonCryptoSDK.xcframework */; };
		0761E6442AF05357006FE2B1 /* DaonCryptoSDK.xcframework in Embed Frameworks */ = {isa = PBXBuildFile; fileRef = 0761E5A02AF051F4006FE2B1 /* DaonCryptoSDK.xcframework */; settings = {ATTRIBUTES = (CodeSignOnCopy, RemoveHeadersOnCopy, ); }; };
		0761E6452AF05357006FE2B1 /* DaonDocument.xcframework in Frameworks */ = {isa = PBXBuildFile; fileRef = 0761E59B2AF051F4006FE2B1 /* DaonDocument.xcframework */; };
		0761E6462AF05357006FE2B1 /* DaonDocument.xcframework in Embed Frameworks */ = {isa = PBXBuildFile; fileRef = 0761E59B2AF051F4006FE2B1 /* DaonDocument.xcframework */; settings = {ATTRIBUTES = (CodeSignOnCopy, RemoveHeadersOnCopy, ); }; };
		0761E6472AF05357006FE2B1 /* DaonFaceDetector.xcframework in Frameworks */ = {isa = PBXBuildFile; fileRef = 0761E59C2AF051F4006FE2B1 /* DaonFaceDetector.xcframework */; };
		0761E6482AF05357006FE2B1 /* DaonFaceDetector.xcframework in Embed Frameworks */ = {isa = PBXBuildFile; fileRef = 0761E59C2AF051F4006FE2B1 /* DaonFaceDetector.xcframework */; settings = {ATTRIBUTES = (CodeSignOnCopy, RemoveHeadersOnCopy, ); }; };
		0761E6492AF05357006FE2B1 /* DaonFaceLiveness.xcframework in Frameworks */ = {isa = PBXBuildFile; fileRef = 0761E5A32AF051F4006FE2B1 /* DaonFaceLiveness.xcframework */; };
		0761E64A2AF05357006FE2B1 /* DaonFaceLiveness.xcframework in Embed Frameworks */ = {isa = PBXBuildFile; fileRef = 0761E5A32AF051F4006FE2B1 /* DaonFaceLiveness.xcframework */; settings = {ATTRIBUTES = (CodeSignOnCopy, RemoveHeadersOnCopy, ); }; };
		0761E64B2AF05357006FE2B1 /* DaonFaceLivenessBlink.xcframework in Frameworks */ = {isa = PBXBuildFile; fileRef = 0761E59E2AF051F4006FE2B1 /* DaonFaceLivenessBlink.xcframework */; };
		0761E64C2AF05357006FE2B1 /* DaonFaceLivenessBlink.xcframework in Embed Frameworks */ = {isa = PBXBuildFile; fileRef = 0761E59E2AF051F4006FE2B1 /* DaonFaceLivenessBlink.xcframework */; settings = {ATTRIBUTES = (CodeSignOnCopy, RemoveHeadersOnCopy, ); }; };
		0761E64D2AF05357006FE2B1 /* DaonFaceMaskDetector.xcframework in Frameworks */ = {isa = PBXBuildFile; fileRef = 0761E5A82AF051F4006FE2B1 /* DaonFaceMaskDetector.xcframework */; };
		0761E64E2AF05357006FE2B1 /* DaonFaceMaskDetector.xcframework in Embed Frameworks */ = {isa = PBXBuildFile; fileRef = 0761E5A82AF051F4006FE2B1 /* DaonFaceMaskDetector.xcframework */; settings = {ATTRIBUTES = (CodeSignOnCopy, RemoveHeadersOnCopy, ); }; };
		0761E64F2AF05357006FE2B1 /* DaonFaceMatcher.xcframework in Frameworks */ = {isa = PBXBuildFile; fileRef = 0761E5A72AF051F4006FE2B1 /* DaonFaceMatcher.xcframework */; };
		0761E6502AF05357006FE2B1 /* DaonFaceMatcher.xcframework in Embed Frameworks */ = {isa = PBXBuildFile; fileRef = 0761E5A72AF051F4006FE2B1 /* DaonFaceMatcher.xcframework */; settings = {ATTRIBUTES = (CodeSignOnCopy, RemoveHeadersOnCopy, ); }; };
		0761E6512AF05357006FE2B1 /* DaonFaceQuality.xcframework in Frameworks */ = {isa = PBXBuildFile; fileRef = 0761E59A2AF051F4006FE2B1 /* DaonFaceQuality.xcframework */; };
		0761E6522AF05357006FE2B1 /* DaonFaceQuality.xcframework in Embed Frameworks */ = {isa = PBXBuildFile; fileRef = 0761E59A2AF051F4006FE2B1 /* DaonFaceQuality.xcframework */; settings = {ATTRIBUTES = (CodeSignOnCopy, RemoveHeadersOnCopy, ); }; };
		0761E6532AF05357006FE2B1 /* DaonFaceSDK.xcframework in Frameworks */ = {isa = PBXBuildFile; fileRef = 0761E5992AF051F4006FE2B1 /* DaonFaceSDK.xcframework */; };
		0761E6542AF05357006FE2B1 /* DaonFaceSDK.xcframework in Embed Frameworks */ = {isa = PBXBuildFile; fileRef = 0761E5992AF051F4006FE2B1 /* DaonFaceSDK.xcframework */; settings = {ATTRIBUTES = (CodeSignOnCopy, RemoveHeadersOnCopy, ); }; };
		0761E6552AF05357006FE2B1 /* DaonFIDOSDK.xcframework in Frameworks */ = {isa = PBXBuildFile; fileRef = 0761E5A42AF051F4006FE2B1 /* DaonFIDOSDK.xcframework */; };
		0761E6562AF05357006FE2B1 /* DaonFIDOSDK.xcframework in Embed Frameworks */ = {isa = PBXBuildFile; fileRef = 0761E5A42AF051F4006FE2B1 /* DaonFIDOSDK.xcframework */; settings = {ATTRIBUTES = (CodeSignOnCopy, RemoveHeadersOnCopy, ); }; };
		0761E6572AF05357006FE2B1 /* DaonIDCapture.xcframework in Frameworks */ = {isa = PBXBuildFile; fileRef = 0761E5A12AF051F4006FE2B1 /* DaonIDCapture.xcframework */; };
		0761E6582AF05357006FE2B1 /* DaonIDCapture.xcframework in Embed Frameworks */ = {isa = PBXBuildFile; fileRef = 0761E5A12AF051F4006FE2B1 /* DaonIDCapture.xcframework */; settings = {ATTRIBUTES = (CodeSignOnCopy, RemoveHeadersOnCopy, ); }; };
		0761E6592AF05357006FE2B1 /* DaonIDCaptureSDK.xcframework in Frameworks */ = {isa = PBXBuildFile; fileRef = 0761E5A52AF051F4006FE2B1 /* DaonIDCaptureSDK.xcframework */; };
		0761E65A2AF05357006FE2B1 /* DaonIDCaptureSDK.xcframework in Embed Frameworks */ = {isa = PBXBuildFile; fileRef = 0761E5A52AF051F4006FE2B1 /* DaonIDCaptureSDK.xcframework */; settings = {ATTRIBUTES = (CodeSignOnCopy, RemoveHeadersOnCopy, ); }; };
		0761E65B2AF05366006FE2B1 /* PS_Auto_Transfer.framework in Frameworks */ = {isa = PBXBuildFile; fileRef = 0761E5F52AF051F4006FE2B1 /* PS_Auto_Transfer.framework */; };
		0761E65C2AF05366006FE2B1 /* PS_Auto_Transfer.framework in Embed Frameworks */ = {isa = PBXBuildFile; fileRef = 0761E5F52AF051F4006FE2B1 /* PS_Auto_Transfer.framework */; settings = {ATTRIBUTES = (CodeSignOnCopy, RemoveHeadersOnCopy, ); }; };
		0761E65D2AF05366006FE2B1 /* PS_BaseExternal.framework in Frameworks */ = {isa = PBXBuildFile; fileRef = 0761E5F42AF051F4006FE2B1 /* PS_BaseExternal.framework */; };
		0761E65E2AF05366006FE2B1 /* PS_BaseExternal.framework in Embed Frameworks */ = {isa = PBXBuildFile; fileRef = 0761E5F42AF051F4006FE2B1 /* PS_BaseExternal.framework */; settings = {ATTRIBUTES = (CodeSignOnCopy, RemoveHeadersOnCopy, ); }; };
		0761E65F2AF05366006FE2B1 /* PS_ContactlessUI.framework in Frameworks */ = {isa = PBXBuildFile; fileRef = 0761E5952AF051F4006FE2B1 /* PS_ContactlessUI.framework */; };
		0761E6602AF05366006FE2B1 /* PS_ContactlessUI.framework in Embed Frameworks */ = {isa = PBXBuildFile; fileRef = 0761E5952AF051F4006FE2B1 /* PS_ContactlessUI.framework */; settings = {ATTRIBUTES = (CodeSignOnCopy, RemoveHeadersOnCopy, ); }; };
		0761E6612AF05366006FE2B1 /* PS_Core.framework in Frameworks */ = {isa = PBXBuildFile; fileRef = 0761E5922AF051F4006FE2B1 /* PS_Core.framework */; };
		0761E6622AF05366006FE2B1 /* PS_Core.framework in Embed Frameworks */ = {isa = PBXBuildFile; fileRef = 0761E5922AF051F4006FE2B1 /* PS_Core.framework */; settings = {ATTRIBUTES = (CodeSignOnCopy, RemoveHeadersOnCopy, ); }; };
		0761E6632AF05366006FE2B1 /* PS_Facial_Engine.framework in Frameworks */ = {isa = PBXBuildFile; fileRef = 0761E5EC2AF051F4006FE2B1 /* PS_Facial_Engine.framework */; };
		0761E6642AF05366006FE2B1 /* PS_Facial_Engine.framework in Embed Frameworks */ = {isa = PBXBuildFile; fileRef = 0761E5EC2AF051F4006FE2B1 /* PS_Facial_Engine.framework */; settings = {ATTRIBUTES = (CodeSignOnCopy, RemoveHeadersOnCopy, ); }; };
		0761E6652AF05366006FE2B1 /* PS_Facial_Services.framework in Frameworks */ = {isa = PBXBuildFile; fileRef = 0761E5EE2AF051F4006FE2B1 /* PS_Facial_Services.framework */; };
		0761E6662AF05366006FE2B1 /* PS_Facial_Services.framework in Embed Frameworks */ = {isa = PBXBuildFile; fileRef = 0761E5EE2AF051F4006FE2B1 /* PS_Facial_Services.framework */; settings = {ATTRIBUTES = (CodeSignOnCopy, RemoveHeadersOnCopy, ); }; };
		0761E6672AF05366006FE2B1 /* PS_FacialUI.framework in Frameworks */ = {isa = PBXBuildFile; fileRef = 0761E5F02AF051F4006FE2B1 /* PS_FacialUI.framework */; };
		0761E6682AF05366006FE2B1 /* PS_FacialUI.framework in Embed Frameworks */ = {isa = PBXBuildFile; fileRef = 0761E5F02AF051F4006FE2B1 /* PS_FacialUI.framework */; settings = {ATTRIBUTES = (CodeSignOnCopy, RemoveHeadersOnCopy, ); }; };
		0761E6692AF05366006FE2B1 /* PS_Ine_WS.framework in Frameworks */ = {isa = PBXBuildFile; fileRef = 0761E5962AF051F4006FE2B1 /* PS_Ine_WS.framework */; };
		0761E66A2AF05366006FE2B1 /* PS_Ine_WS.framework in Embed Frameworks */ = {isa = PBXBuildFile; fileRef = 0761E5962AF051F4006FE2B1 /* PS_Ine_WS.framework */; settings = {ATTRIBUTES = (CodeSignOnCopy, RemoveHeadersOnCopy, ); }; };
		0761E66B2AF05366006FE2B1 /* PS_Notification.framework in Frameworks */ = {isa = PBXBuildFile; fileRef = 0761E5F22AF051F4006FE2B1 /* PS_Notification.framework */; };
		0761E66C2AF05366006FE2B1 /* PS_Notification.framework in Embed Frameworks */ = {isa = PBXBuildFile; fileRef = 0761E5F22AF051F4006FE2B1 /* PS_Notification.framework */; settings = {ATTRIBUTES = (CodeSignOnCopy, RemoveHeadersOnCopy, ); }; };
		2152FB042600AC8F00CF470E /* iOSApp.swift in Sources */ = {isa = PBXBuildFile; fileRef = 2152FB032600AC8F00CF470E /* iOSApp.swift */; };
		7555FF83242A565900829871 /* ContentView.swift in Sources */ = {isa = PBXBuildFile; fileRef = 7555FF82242A565900829871 /* ContentView.swift */; };
		7B7556AC2AEAE47A00C4B219 /* PSSdkInitialize.swift in Sources */ = {isa = PBXBuildFile; fileRef = 7B7556AB2AEAE47A00C4B219 /* PSSdkInitialize.swift */; };
		8A968D1D2E02D06AFB972BF1 /* Pods_iosApp_iosApp.framework in Frameworks */ = {isa = PBXBuildFile; fileRef = 01F3287C5548B8BD15C92FF1 /* Pods_iosApp_iosApp.framework */; };
/* End PBXBuildFile section */

/* Begin PBXCopyFilesBuildPhase section */
		7B7557772AEAE4ED00C4B219 /* Embed Frameworks */ = {
			isa = PBXCopyFilesBuildPhase;
			buildActionMask = 2147483647;
			dstPath = "";
			dstSubfolderSpec = 10;
			files = (
				0761E6422AF05357006FE2B1 /* DaonAuthenticatorSDK.xcframework in Embed Frameworks */,
				0761E6602AF05366006FE2B1 /* PS_ContactlessUI.framework in Embed Frameworks */,
				0761E6562AF05357006FE2B1 /* DaonFIDOSDK.xcframework in Embed Frameworks */,
				0761E6622AF05366006FE2B1 /* PS_Core.framework in Embed Frameworks */,
				0761E6542AF05357006FE2B1 /* DaonFaceSDK.xcframework in Embed Frameworks */,
				0761E65E2AF05366006FE2B1 /* PS_BaseExternal.framework in Embed Frameworks */,
				0761E6442AF05357006FE2B1 /* DaonCryptoSDK.xcframework in Embed Frameworks */,
				0761E66A2AF05366006FE2B1 /* PS_Ine_WS.framework in Embed Frameworks */,
				0761E64E2AF05357006FE2B1 /* DaonFaceMaskDetector.xcframework in Embed Frameworks */,
				0761E65C2AF05366006FE2B1 /* PS_Auto_Transfer.framework in Embed Frameworks */,
				0761E6522AF05357006FE2B1 /* DaonFaceQuality.xcframework in Embed Frameworks */,
				0761E6502AF05357006FE2B1 /* DaonFaceMatcher.xcframework in Embed Frameworks */,
				0761E6462AF05357006FE2B1 /* DaonDocument.xcframework in Embed Frameworks */,
				0761E6402AF05357006FE2B1 /* DaonAuthenticatorFace.xcframework in Embed Frameworks */,
				0761E66C2AF05366006FE2B1 /* PS_Notification.framework in Embed Frameworks */,
				0761E6482AF05357006FE2B1 /* DaonFaceDetector.xcframework in Embed Frameworks */,
				0761E63E2AF05357006FE2B1 /* BlinkId.xcframework in Embed Frameworks */,
				0761E6662AF05366006FE2B1 /* PS_Facial_Services.framework in Embed Frameworks */,
				0761E64C2AF05357006FE2B1 /* DaonFaceLivenessBlink.xcframework in Embed Frameworks */,
				0761E6682AF05366006FE2B1 /* PS_FacialUI.framework in Embed Frameworks */,
				0761E64A2AF05357006FE2B1 /* DaonFaceLiveness.xcframework in Embed Frameworks */,
				0761E6642AF05366006FE2B1 /* PS_Facial_Engine.framework in Embed Frameworks */,
				0761E65A2AF05357006FE2B1 /* DaonIDCaptureSDK.xcframework in Embed Frameworks */,
				0761E6582AF05357006FE2B1 /* DaonIDCapture.xcframework in Embed Frameworks */,
			);
			name = "Embed Frameworks";
			runOnlyForDeploymentPostprocessing = 0;
		};
/* End PBXCopyFilesBuildPhase section */

/* Begin PBXFileReference section */
		01F3287C5548B8BD15C92FF1 /* Pods_iosApp_iosApp.framework */ = {isa = PBXFileReference; explicitFileType = wrapper.framework; includeInIndex = 0; path = Pods_iosApp_iosApp.framework; sourceTree = BUILT_PRODUCTS_DIR; };
		058557BA273AAA24004C7B11 /* Assets.xcassets */ = {isa = PBXFileReference; lastKnownFileType = folder.assetcatalog; path = Assets.xcassets; sourceTree = "<group>"; };
		058557D8273AAEEB004C7B11 /* Preview Assets.xcassets */ = {isa = PBXFileReference; lastKnownFileType = folder.assetcatalog; path = "Preview Assets.xcassets"; sourceTree = "<group>"; };
		0761E5922AF051F4006FE2B1 /* PS_Core.framework */ = {isa = PBXFileReference; lastKnownFileType = wrapper.framework; path = PS_Core.framework; sourceTree = "<group>"; };
		0761E5942AF051F4006FE2B1 /* 1858_com.principal.fondosinversion2022-09-04 00_00_00.lic */ = {isa = PBXFileReference; lastKnownFileType = file; path = "1858_com.principal.fondosinversion2022-09-04 00_00_00.lic"; sourceTree = "<group>"; };
		0761E5952AF051F4006FE2B1 /* PS_ContactlessUI.framework */ = {isa = PBXFileReference; lastKnownFileType = wrapper.framework; path = PS_ContactlessUI.framework; sourceTree = "<group>"; };
		0761E5962AF051F4006FE2B1 /* PS_Ine_WS.framework */ = {isa = PBXFileReference; lastKnownFileType = wrapper.framework; path = PS_Ine_WS.framework; sourceTree = "<group>"; };
		0761E5992AF051F4006FE2B1 /* DaonFaceSDK.xcframework */ = {isa = PBXFileReference; lastKnownFileType = wrapper.xcframework; path = DaonFaceSDK.xcframework; sourceTree = "<group>"; };
		0761E59A2AF051F4006FE2B1 /* DaonFaceQuality.xcframework */ = {isa = PBXFileReference; lastKnownFileType = wrapper.xcframework; path = DaonFaceQuality.xcframework; sourceTree = "<group>"; };
		0761E59B2AF051F4006FE2B1 /* DaonDocument.xcframework */ = {isa = PBXFileReference; lastKnownFileType = wrapper.xcframework; path = DaonDocument.xcframework; sourceTree = "<group>"; };
		0761E59C2AF051F4006FE2B1 /* DaonFaceDetector.xcframework */ = {isa = PBXFileReference; lastKnownFileType = wrapper.xcframework; path = DaonFaceDetector.xcframework; sourceTree = "<group>"; };
		0761E59D2AF051F4006FE2B1 /* DaonAuthenticatorSDK.xcframework */ = {isa = PBXFileReference; lastKnownFileType = wrapper.xcframework; path = DaonAuthenticatorSDK.xcframework; sourceTree = "<group>"; };
		0761E59E2AF051F4006FE2B1 /* DaonFaceLivenessBlink.xcframework */ = {isa = PBXFileReference; lastKnownFileType = wrapper.xcframework; path = DaonFaceLivenessBlink.xcframework; sourceTree = "<group>"; };
		0761E59F2AF051F4006FE2B1 /* BlinkId.xcframework */ = {isa = PBXFileReference; lastKnownFileType = wrapper.xcframework; path = BlinkId.xcframework; sourceTree = "<group>"; };
		0761E5A02AF051F4006FE2B1 /* DaonCryptoSDK.xcframework */ = {isa = PBXFileReference; lastKnownFileType = wrapper.xcframework; path = DaonCryptoSDK.xcframework; sourceTree = "<group>"; };
		0761E5A12AF051F4006FE2B1 /* DaonIDCapture.xcframework */ = {isa = PBXFileReference; lastKnownFileType = wrapper.xcframework; path = DaonIDCapture.xcframework; sourceTree = "<group>"; };
		0761E5A22AF051F4006FE2B1 /* DaonAuthenticatorFace.xcframework */ = {isa = PBXFileReference; lastKnownFileType = wrapper.xcframework; path = DaonAuthenticatorFace.xcframework; sourceTree = "<group>"; };
		0761E5A32AF051F4006FE2B1 /* DaonFaceLiveness.xcframework */ = {isa = PBXFileReference; lastKnownFileType = wrapper.xcframework; path = DaonFaceLiveness.xcframework; sourceTree = "<group>"; };
		0761E5A42AF051F4006FE2B1 /* DaonFIDOSDK.xcframework */ = {isa = PBXFileReference; lastKnownFileType = wrapper.xcframework; path = DaonFIDOSDK.xcframework; sourceTree = "<group>"; };
		0761E5A52AF051F4006FE2B1 /* DaonIDCaptureSDK.xcframework */ = {isa = PBXFileReference; lastKnownFileType = wrapper.xcframework; path = DaonIDCaptureSDK.xcframework; sourceTree = "<group>"; };
		0761E5A62AF051F4006FE2B1 /* Daon.bundle */ = {isa = PBXFileReference; lastKnownFileType = "wrapper.plug-in"; path = Daon.bundle; sourceTree = "<group>"; };
		0761E5A72AF051F4006FE2B1 /* DaonFaceMatcher.xcframework */ = {isa = PBXFileReference; lastKnownFileType = wrapper.xcframework; path = DaonFaceMatcher.xcframework; sourceTree = "<group>"; };
		0761E5A82AF051F4006FE2B1 /* DaonFaceMaskDetector.xcframework */ = {isa = PBXFileReference; lastKnownFileType = wrapper.xcframework; path = DaonFaceMaskDetector.xcframework; sourceTree = "<group>"; };
		0761E5AB2AF051F4006FE2B1 /* daon_doc_license.txt */ = {isa = PBXFileReference; fileEncoding = 4; lastKnownFileType = text; path = daon_doc_license.txt; sourceTree = "<group>"; };
		0761E5AC2AF051F4006FE2B1 /* defaultPrefs.plist */ = {isa = PBXFileReference; fileEncoding = 4; lastKnownFileType = text.plist.xml; path = defaultPrefs.plist; sourceTree = "<group>"; };
		0761E5AD2AF051F4006FE2B1 /* license.txt */ = {isa = PBXFileReference; fileEncoding = 4; lastKnownFileType = text; path = license.txt; sourceTree = "<group>"; };
		0761E5AF2AF051F4006FE2B1 /* defaultPrefs_dev.plist */ = {isa = PBXFileReference; fileEncoding = 4; lastKnownFileType = text.plist.xml; path = defaultPrefs_dev.plist; sourceTree = "<group>"; };
		0761E5B02AF051F4006FE2B1 /* license.txt */ = {isa = PBXFileReference; fileEncoding = 4; lastKnownFileType = text; path = license.txt; sourceTree = "<group>"; };
		0761E5B12AF051F4006FE2B1 /* daon_doc_license_dev.txt */ = {isa = PBXFileReference; fileEncoding = 4; lastKnownFileType = text; path = daon_doc_license_dev.txt; sourceTree = "<group>"; };
		0761E5B52AF051F4006FE2B1 /* FacialDaonSdkDelExt.swift */ = {isa = PBXFileReference; fileEncoding = 4; lastKnownFileType = sourcecode.swift; path = FacialDaonSdkDelExt.swift; sourceTree = "<group>"; };
		0761E5B62AF051F4006FE2B1 /* FacialSDKManager.swift */ = {isa = PBXFileReference; fileEncoding = 4; lastKnownFileType = sourcecode.swift; path = FacialSDKManager.swift; sourceTree = "<group>"; };
		0761E5B82AF051F4006FE2B1 /* FacialPSFacialServicesDelegate.swift */ = {isa = PBXFileReference; fileEncoding = 4; lastKnownFileType = sourcecode.swift; path = FacialPSFacialServicesDelegate.swift; sourceTree = "<group>"; };
		0761E5BA2AF051F4006FE2B1 /* FacialPSFacialEnginePSDaonSdkDelExt.swift */ = {isa = PBXFileReference; fileEncoding = 4; lastKnownFileType = sourcecode.swift; path = FacialPSFacialEnginePSDaonSdkDelExt.swift; sourceTree = "<group>"; };
		0761E5BB2AF051F4006FE2B1 /* FacialPSFacialEnginePSFacialUIDelExt.swift */ = {isa = PBXFileReference; fileEncoding = 4; lastKnownFileType = sourcecode.swift; path = FacialPSFacialEnginePSFacialUIDelExt.swift; sourceTree = "<group>"; };
		0761E5BC2AF051F4006FE2B1 /* FacialPSFacialEngineDelegateExt.swift */ = {isa = PBXFileReference; fileEncoding = 4; lastKnownFileType = sourcecode.swift; path = FacialPSFacialEngineDelegateExt.swift; sourceTree = "<group>"; };
		0761E5BD2AF051F4006FE2B1 /* FacialPSFacialEngineCaptureManagerDelegateExt.swift */ = {isa = PBXFileReference; fileEncoding = 4; lastKnownFileType = sourcecode.swift; path = FacialPSFacialEngineCaptureManagerDelegateExt.swift; sourceTree = "<group>"; };
		0761E5BE2AF051F4006FE2B1 /* FacialPSFacialEnginePSFacialServicesDelExt.swift */ = {isa = PBXFileReference; fileEncoding = 4; lastKnownFileType = sourcecode.swift; path = FacialPSFacialEnginePSFacialServicesDelExt.swift; sourceTree = "<group>"; };
		0761E5BF2AF051F4006FE2B1 /* FacialPSFacialEngineMainAppDelExt.swift */ = {isa = PBXFileReference; fileEncoding = 4; lastKnownFileType = sourcecode.swift; path = FacialPSFacialEngineMainAppDelExt.swift; sourceTree = "<group>"; };
		0761E5C22AF051F4006FE2B1 /* FacialSDKManagerPSFUTutorialVC4DelExt.swift */ = {isa = PBXFileReference; fileEncoding = 4; lastKnownFileType = sourcecode.swift; path = FacialSDKManagerPSFUTutorialVC4DelExt.swift; sourceTree = "<group>"; };
		0761E5C42AF051F4006FE2B1 /* FacialLoadingVCDelExt.swift */ = {isa = PBXFileReference; fileEncoding = 4; lastKnownFileType = sourcecode.swift; path = FacialLoadingVCDelExt.swift; sourceTree = "<group>"; };
		0761E5C82AF051F4006FE2B1 /* FacialPSWelcomeDelExt.swift */ = {isa = PBXFileReference; fileEncoding = 4; lastKnownFileType = sourcecode.swift; path = FacialPSWelcomeDelExt.swift; sourceTree = "<group>"; };
		0761E5CA2AF051F4006FE2B1 /* FacialReviewVCDelegateExt.swift */ = {isa = PBXFileReference; fileEncoding = 4; lastKnownFileType = sourcecode.swift; path = FacialReviewVCDelegateExt.swift; sourceTree = "<group>"; };
		0761E5CC2AF051F4006FE2B1 /* FacialPSFUDocumentScanHolderVCDelExt.swift */ = {isa = PBXFileReference; fileEncoding = 4; lastKnownFileType = sourcecode.swift; path = FacialPSFUDocumentScanHolderVCDelExt.swift; sourceTree = "<group>"; };
		0761E5CD2AF051F4006FE2B1 /* FacialPSFUDocumentCaptureOverlayVCDelExt.swift */ = {isa = PBXFileReference; fileEncoding = 4; lastKnownFileType = sourcecode.swift; path = FacialPSFUDocumentCaptureOverlayVCDelExt.swift; sourceTree = "<group>"; };
		0761E5CE2AF051F4006FE2B1 /* FacialPSFUDocumentTutorialDelegateVCDelExt.swift */ = {isa = PBXFileReference; fileEncoding = 4; lastKnownFileType = sourcecode.swift; path = FacialPSFUDocumentTutorialDelegateVCDelExt.swift; sourceTree = "<group>"; };
		0761E5CF2AF051F4006FE2B1 /* FacialPSFUIDocumentCaptureFirstVCDelExt.swift */ = {isa = PBXFileReference; fileEncoding = 4; lastKnownFileType = sourcecode.swift; path = FacialPSFUIDocumentCaptureFirstVCDelExt.swift; sourceTree = "<group>"; };
		0761E5D02AF051F4006FE2B1 /* FacialCapturaManagerDelegateExt.swift */ = {isa = PBXFileReference; fileEncoding = 4; lastKnownFileType = sourcecode.swift; path = FacialCapturaManagerDelegateExt.swift; sourceTree = "<group>"; };
		0761E5D12AF051F4006FE2B1 /* FacialPSFUChooseDocsInstructionsVCDelExt.swift */ = {isa = PBXFileReference; fileEncoding = 4; lastKnownFileType = sourcecode.swift; path = FacialPSFUChooseDocsInstructionsVCDelExt.swift; sourceTree = "<group>"; };
		0761E5D32AF051F4006FE2B1 /* FacialPSFU3DLivenessVCDelExt.swift */ = {isa = PBXFileReference; fileEncoding = 4; lastKnownFileType = sourcecode.swift; path = FacialPSFU3DLivenessVCDelExt.swift; sourceTree = "<group>"; };
		0761E5D42AF051F4006FE2B1 /* FacialSDKManPSFUTutorial3DVCDelExt.swift */ = {isa = PBXFileReference; fileEncoding = 4; lastKnownFileType = sourcecode.swift; path = FacialSDKManPSFUTutorial3DVCDelExt.swift; sourceTree = "<group>"; };
		0761E5D72AF051F4006FE2B1 /* PSDKCapturedDocument.swift */ = {isa = PBXFileReference; fileEncoding = 4; lastKnownFileType = sourcecode.swift; path = PSDKCapturedDocument.swift; sourceTree = "<group>"; };
		0761E5D82AF051F4006FE2B1 /* PSDKCaptureManager.swift */ = {isa = PBXFileReference; fileEncoding = 4; lastKnownFileType = sourcecode.swift; path = PSDKCaptureManager.swift; sourceTree = "<group>"; };
		0761E5D92AF051F4006FE2B1 /* DocumentCapture.storyboard */ = {isa = PBXFileReference; fileEncoding = 4; lastKnownFileType = file.storyboard; path = DocumentCapture.storyboard; sourceTree = "<group>"; };
		0761E5DA2AF051F4006FE2B1 /* PSDKCapturedDocumentManager.swift */ = {isa = PBXFileReference; fileEncoding = 4; lastKnownFileType = sourcecode.swift; path = PSDKCapturedDocumentManager.swift; sourceTree = "<group>"; };
		0761E5DB2AF051F4006FE2B1 /* PSDKDocCaptOverlayHelperViewController.swift */ = {isa = PBXFileReference; fileEncoding = 4; lastKnownFileType = sourcecode.swift; path = PSDKDocCaptOverlayHelperViewController.swift; sourceTree = "<group>"; };
		0761E5DC2AF051F4006FE2B1 /* PSDKLiveness3DManager.swift */ = {isa = PBXFileReference; fileEncoding = 4; lastKnownFileType = sourcecode.swift; path = PSDKLiveness3DManager.swift; sourceTree = "<group>"; };
		0761E5DD2AF051F4006FE2B1 /* PSDKSingleAuthenticatorContextManager.swift */ = {isa = PBXFileReference; fileEncoding = 4; lastKnownFileType = sourcecode.swift; path = PSDKSingleAuthenticatorContextManager.swift; sourceTree = "<group>"; };
		0761E5DF2AF051F4006FE2B1 /* Fido.swift */ = {isa = PBXFileReference; fileEncoding = 4; lastKnownFileType = sourcecode.swift; path = Fido.swift; sourceTree = "<group>"; };
		0761E5E02AF051F4006FE2B1 /* PSDKError.swift */ = {isa = PBXFileReference; fileEncoding = 4; lastKnownFileType = sourcecode.swift; path = PSDKError.swift; sourceTree = "<group>"; };
		0761E5E12AF051F4006FE2B1 /* FidoAuthenticationTask.swift */ = {isa = PBXFileReference; fileEncoding = 4; lastKnownFileType = sourcecode.swift; path = FidoAuthenticationTask.swift; sourceTree = "<group>"; };
		0761E5E22AF051F4006FE2B1 /* FidoRegistrationTask.swift */ = {isa = PBXFileReference; fileEncoding = 4; lastKnownFileType = sourcecode.swift; path = FidoRegistrationTask.swift; sourceTree = "<group>"; };
		0761E5E42AF051F4006FE2B1 /* PSDKEnums.swift */ = {isa = PBXFileReference; fileEncoding = 4; lastKnownFileType = sourcecode.swift; path = PSDKEnums.swift; sourceTree = "<group>"; };
		0761E5E52AF051F4006FE2B1 /* PSDaonSdk.swift */ = {isa = PBXFileReference; fileEncoding = 4; lastKnownFileType = sourcecode.swift; path = PSDaonSdk.swift; sourceTree = "<group>"; };
		0761E5E72AF051F4006FE2B1 /* PSDaonSdkDelegate.swift */ = {isa = PBXFileReference; fileEncoding = 4; lastKnownFileType = sourcecode.swift; path = PSDaonSdkDelegate.swift; sourceTree = "<group>"; };
		0761E5E92AF051F4006FE2B1 /* CustomFlowEnrollByURLManager.swift */ = {isa = PBXFileReference; fileEncoding = 4; lastKnownFileType = sourcecode.swift; path = CustomFlowEnrollByURLManager.swift; sourceTree = "<group>"; };
		0761E5EA2AF051F4006FE2B1 /* MyCustomFlowManager.swift */ = {isa = PBXFileReference; fileEncoding = 4; lastKnownFileType = sourcecode.swift; path = MyCustomFlowManager.swift; sourceTree = "<group>"; };
		0761E5EC2AF051F4006FE2B1 /* PS_Facial_Engine.framework */ = {isa = PBXFileReference; lastKnownFileType = wrapper.framework; path = PS_Facial_Engine.framework; sourceTree = "<group>"; };
		0761E5EE2AF051F4006FE2B1 /* PS_Facial_Services.framework */ = {isa = PBXFileReference; lastKnownFileType = wrapper.framework; path = PS_Facial_Services.framework; sourceTree = "<group>"; };
		0761E5F02AF051F4006FE2B1 /* PS_FacialUI.framework */ = {isa = PBXFileReference; lastKnownFileType = wrapper.framework; path = PS_FacialUI.framework; sourceTree = "<group>"; };
		0761E5F22AF051F4006FE2B1 /* PS_Notification.framework */ = {isa = PBXFileReference; lastKnownFileType = wrapper.framework; path = PS_Notification.framework; sourceTree = "<group>"; };
		0761E5F42AF051F4006FE2B1 /* PS_BaseExternal.framework */ = {isa = PBXFileReference; lastKnownFileType = wrapper.framework; path = PS_BaseExternal.framework; sourceTree = "<group>"; };
		0761E5F52AF051F4006FE2B1 /* PS_Auto_Transfer.framework */ = {isa = PBXFileReference; lastKnownFileType = wrapper.framework; path = PS_Auto_Transfer.framework; sourceTree = "<group>"; };
		2152FB032600AC8F00CF470E /* iOSApp.swift */ = {isa = PBXFileReference; lastKnownFileType = sourcecode.swift; path = iOSApp.swift; sourceTree = "<group>"; };
		3FEF511E6EBB2C90240561BA /* Pods-iosApp.release.xcconfig */ = {isa = PBXFileReference; includeInIndex = 1; lastKnownFileType = text.xcconfig; name = "Pods-iosApp.release.xcconfig"; path = "Target Support Files/Pods-iosApp/Pods-iosApp.release.xcconfig"; sourceTree = "<group>"; };
		6EA9FD15C14952711C9C6846 /* Pods-iosApp.debug.xcconfig */ = {isa = PBXFileReference; includeInIndex = 1; lastKnownFileType = text.xcconfig; name = "Pods-iosApp.debug.xcconfig"; path = "Target Support Files/Pods-iosApp/Pods-iosApp.debug.xcconfig"; sourceTree = "<group>"; };
		70C92A40ADC30DB8D13B42A6 /* Pods-iosApp-iosApp.release.xcconfig */ = {isa = PBXFileReference; includeInIndex = 1; lastKnownFileType = text.xcconfig; name = "Pods-iosApp-iosApp.release.xcconfig"; path = "Target Support Files/Pods-iosApp-iosApp/Pods-iosApp-iosApp.release.xcconfig"; sourceTree = "<group>"; };
		7555FF7B242A565900829871 /* iosApp.app */ = {isa = PBXFileReference; explicitFileType = wrapper.application; includeInIndex = 0; path = iosApp.app; sourceTree = BUILT_PRODUCTS_DIR; };
		7555FF82242A565900829871 /* ContentView.swift */ = {isa = PBXFileReference; lastKnownFileType = sourcecode.swift; path = ContentView.swift; sourceTree = "<group>"; };
		7555FF8C242A565B00829871 /* Info.plist */ = {isa = PBXFileReference; lastKnownFileType = text.plist.xml; path = Info.plist; sourceTree = "<group>"; };
		7B7556AB2AEAE47A00C4B219 /* PSSdkInitialize.swift */ = {isa = PBXFileReference; lastKnownFileType = sourcecode.swift; path = PSSdkInitialize.swift; sourceTree = "<group>"; };
		8B2C3BE4B4E76C73BBF55F67 /* Pods-iosApp-iosApp.debug.xcconfig */ = {isa = PBXFileReference; includeInIndex = 1; lastKnownFileType = text.xcconfig; name = "Pods-iosApp-iosApp.debug.xcconfig"; path = "Target Support Files/Pods-iosApp-iosApp/Pods-iosApp-iosApp.debug.xcconfig"; sourceTree = "<group>"; };
/* End PBXFileReference section */

/* Begin PBXFrameworksBuildPhase section */
		50D0352A9830419BC24344CF /* Frameworks */ = {
			isa = PBXFrameworksBuildPhase;
			buildActionMask = 2147483647;
			files = (
				0761E63D2AF05357006FE2B1 /* BlinkId.xcframework in Frameworks */,
				0761E6432AF05357006FE2B1 /* DaonCryptoSDK.xcframework in Frameworks */,
				0761E6652AF05366006FE2B1 /* PS_Facial_Services.framework in Frameworks */,
				0761E65F2AF05366006FE2B1 /* PS_ContactlessUI.framework in Frameworks */,
				0761E6512AF05357006FE2B1 /* DaonFaceQuality.xcframework in Frameworks */,
				0761E6612AF05366006FE2B1 /* PS_Core.framework in Frameworks */,
				0761E6412AF05357006FE2B1 /* DaonAuthenticatorSDK.xcframework in Frameworks */,
				0761E6672AF05366006FE2B1 /* PS_FacialUI.framework in Frameworks */,
				0761E64B2AF05357006FE2B1 /* DaonFaceLivenessBlink.xcframework in Frameworks */,
				0761E6632AF05366006FE2B1 /* PS_Facial_Engine.framework in Frameworks */,
				0761E6592AF05357006FE2B1 /* DaonIDCaptureSDK.xcframework in Frameworks */,
				0761E64F2AF05357006FE2B1 /* DaonFaceMatcher.xcframework in Frameworks */,
				0761E64D2AF05357006FE2B1 /* DaonFaceMaskDetector.xcframework in Frameworks */,
				0761E66B2AF05366006FE2B1 /* PS_Notification.framework in Frameworks */,
				0761E6692AF05366006FE2B1 /* PS_Ine_WS.framework in Frameworks */,
				0761E65D2AF05366006FE2B1 /* PS_BaseExternal.framework in Frameworks */,
				0761E65B2AF05366006FE2B1 /* PS_Auto_Transfer.framework in Frameworks */,
				0761E6452AF05357006FE2B1 /* DaonDocument.xcframework in Frameworks */,
				0761E6532AF05357006FE2B1 /* DaonFaceSDK.xcframework in Frameworks */,
				0761E6572AF05357006FE2B1 /* DaonIDCapture.xcframework in Frameworks */,
				0761E63F2AF05357006FE2B1 /* DaonAuthenticatorFace.xcframework in Frameworks */,
				0761E6492AF05357006FE2B1 /* DaonFaceLiveness.xcframework in Frameworks */,
				0761E6552AF05357006FE2B1 /* DaonFIDOSDK.xcframework in Frameworks */,
				0761E6472AF05357006FE2B1 /* DaonFaceDetector.xcframework in Frameworks */,
				8A968D1D2E02D06AFB972BF1 /* Pods_iosApp_iosApp.framework in Frameworks */,
			);
			runOnlyForDeploymentPostprocessing = 0;
		};
/* End PBXFrameworksBuildPhase section */

/* Begin PBXGroup section */
		058557D7273AAEEB004C7B11 /* Preview Content */ = {
			isa = PBXGroup;
			children = (
				058557D8273AAEEB004C7B11 /* Preview Assets.xcassets */,
			);
			path = "Preview Content";
			sourceTree = "<group>";
		};
		0761E5902AF051F4006FE2B1 /* ProcesarSDK */ = {
			isa = PBXGroup;
			children = (
				0761E5912AF051F4006FE2B1 /* Core */,
				0761E5932AF051F4006FE2B1 /* PSFingerPrint */,
				0761E5972AF051F4006FE2B1 /* Facial */,
				0761E5F12AF051F4006FE2B1 /* CertificationProcedures */,
				0761E5F32AF051F4006FE2B1 /* FrameworksAT */,
			);
			path = ProcesarSDK;
			sourceTree = "<group>";
		};
		0761E5912AF051F4006FE2B1 /* Core */ = {
			isa = PBXGroup;
			children = (
				0761E5922AF051F4006FE2B1 /* PS_Core.framework */,
			);
			path = Core;
			sourceTree = "<group>";
		};
		0761E5932AF051F4006FE2B1 /* PSFingerPrint */ = {
			isa = PBXGroup;
			children = (
				0761E5942AF051F4006FE2B1 /* 1858_com.principal.fondosinversion2022-09-04 00_00_00.lic */,
				0761E5952AF051F4006FE2B1 /* PS_ContactlessUI.framework */,
				0761E5962AF051F4006FE2B1 /* PS_Ine_WS.framework */,
			);
			path = PSFingerPrint;
			sourceTree = "<group>";
		};
		0761E5972AF051F4006FE2B1 /* Facial */ = {
			isa = PBXGroup;
			children = (
				0761E5982AF051F4006FE2B1 /* FrameworkDaon */,
				0761E5A92AF051F4006FE2B1 /* daon_config */,
				0761E5B22AF051F4006FE2B1 /* FacialRecoginition */,
				0761E5EB2AF051F4006FE2B1 /* FrameworkEngine */,
				0761E5ED2AF051F4006FE2B1 /* Services */,
				0761E5EF2AF051F4006FE2B1 /* FrameworkUI */,
			);
			path = Facial;
			sourceTree = "<group>";
		};
		0761E5982AF051F4006FE2B1 /* FrameworkDaon */ = {
			isa = PBXGroup;
			children = (
				0761E5992AF051F4006FE2B1 /* DaonFaceSDK.xcframework */,
				0761E59A2AF051F4006FE2B1 /* DaonFaceQuality.xcframework */,
				0761E59B2AF051F4006FE2B1 /* DaonDocument.xcframework */,
				0761E59C2AF051F4006FE2B1 /* DaonFaceDetector.xcframework */,
				0761E59D2AF051F4006FE2B1 /* DaonAuthenticatorSDK.xcframework */,
				0761E59E2AF051F4006FE2B1 /* DaonFaceLivenessBlink.xcframework */,
				0761E59F2AF051F4006FE2B1 /* BlinkId.xcframework */,
				0761E5A02AF051F4006FE2B1 /* DaonCryptoSDK.xcframework */,
				0761E5A12AF051F4006FE2B1 /* DaonIDCapture.xcframework */,
				0761E5A22AF051F4006FE2B1 /* DaonAuthenticatorFace.xcframework */,
				0761E5A32AF051F4006FE2B1 /* DaonFaceLiveness.xcframework */,
				0761E5A42AF051F4006FE2B1 /* DaonFIDOSDK.xcframework */,
				0761E5A52AF051F4006FE2B1 /* DaonIDCaptureSDK.xcframework */,
				0761E5A62AF051F4006FE2B1 /* Daon.bundle */,
				0761E5A72AF051F4006FE2B1 /* DaonFaceMatcher.xcframework */,
				0761E5A82AF051F4006FE2B1 /* DaonFaceMaskDetector.xcframework */,
			);
			path = FrameworkDaon;
			sourceTree = "<group>";
		};
		0761E5A92AF051F4006FE2B1 /* daon_config */ = {
			isa = PBXGroup;
			children = (
				0761E5AA2AF051F4006FE2B1 /* Prod */,
				0761E5AE2AF051F4006FE2B1 /* Dev */,
			);
			path = daon_config;
			sourceTree = "<group>";
		};
		0761E5AA2AF051F4006FE2B1 /* Prod */ = {
			isa = PBXGroup;
			children = (
				0761E5AB2AF051F4006FE2B1 /* daon_doc_license.txt */,
				0761E5AC2AF051F4006FE2B1 /* defaultPrefs.plist */,
				0761E5AD2AF051F4006FE2B1 /* license.txt */,
			);
			path = Prod;
			sourceTree = "<group>";
		};
		0761E5AE2AF051F4006FE2B1 /* Dev */ = {
			isa = PBXGroup;
			children = (
				0761E5AF2AF051F4006FE2B1 /* defaultPrefs_dev.plist */,
				0761E5B02AF051F4006FE2B1 /* license.txt */,
				0761E5B12AF051F4006FE2B1 /* daon_doc_license_dev.txt */,
			);
			path = Dev;
			sourceTree = "<group>";
		};
		0761E5B22AF051F4006FE2B1 /* FacialRecoginition */ = {
			isa = PBXGroup;
			children = (
				0761E5B32AF051F4006FE2B1 /* FacialRecognitionFrameworksConnection */,
				0761E5D52AF051F4006FE2B1 /* DaonSdk */,
				0761E5E82AF051F4006FE2B1 /* Flow */,
			);
			path = FacialRecoginition;
			sourceTree = "<group>";
		};
		0761E5B32AF051F4006FE2B1 /* FacialRecognitionFrameworksConnection */ = {
			isa = PBXGroup;
			children = (
				0761E5B42AF051F4006FE2B1 /* FacialDaonSdkDelegates */,
				0761E5B62AF051F4006FE2B1 /* FacialSDKManager.swift */,
				0761E5B72AF051F4006FE2B1 /* FacialServicesDelegates */,
				0761E5B92AF051F4006FE2B1 /* FacialEngineDelegates */,
				0761E5C02AF051F4006FE2B1 /* FacialUIDelegates */,
			);
			path = FacialRecognitionFrameworksConnection;
			sourceTree = "<group>";
		};
		0761E5B42AF051F4006FE2B1 /* FacialDaonSdkDelegates */ = {
			isa = PBXGroup;
			children = (
				0761E5B52AF051F4006FE2B1 /* FacialDaonSdkDelExt.swift */,
			);
			path = FacialDaonSdkDelegates;
			sourceTree = "<group>";
		};
		0761E5B72AF051F4006FE2B1 /* FacialServicesDelegates */ = {
			isa = PBXGroup;
			children = (
				0761E5B82AF051F4006FE2B1 /* FacialPSFacialServicesDelegate.swift */,
			);
			path = FacialServicesDelegates;
			sourceTree = "<group>";
		};
		0761E5B92AF051F4006FE2B1 /* FacialEngineDelegates */ = {
			isa = PBXGroup;
			children = (
				0761E5BA2AF051F4006FE2B1 /* FacialPSFacialEnginePSDaonSdkDelExt.swift */,
				0761E5BB2AF051F4006FE2B1 /* FacialPSFacialEnginePSFacialUIDelExt.swift */,
				0761E5BC2AF051F4006FE2B1 /* FacialPSFacialEngineDelegateExt.swift */,
				0761E5BD2AF051F4006FE2B1 /* FacialPSFacialEngineCaptureManagerDelegateExt.swift */,
				0761E5BE2AF051F4006FE2B1 /* FacialPSFacialEnginePSFacialServicesDelExt.swift */,
				0761E5BF2AF051F4006FE2B1 /* FacialPSFacialEngineMainAppDelExt.swift */,
			);
			path = FacialEngineDelegates;
			sourceTree = "<group>";
		};
		0761E5C02AF051F4006FE2B1 /* FacialUIDelegates */ = {
			isa = PBXGroup;
			children = (
				0761E5C12AF051F4006FE2B1 /* Tutorial */,
				0761E5C32AF051F4006FE2B1 /* Loading */,
				0761E5C52AF051F4006FE2B1 /* Timer */,
				0761E5C72AF051F4006FE2B1 /* Welcome */,
				0761E5C92AF051F4006FE2B1 /* Review */,
				0761E5CB2AF051F4006FE2B1 /* DocumentsScan */,
				0761E5D22AF051F4006FE2B1 /* 3dLiveness */,
			);
			path = FacialUIDelegates;
			sourceTree = "<group>";
		};
		0761E5C12AF051F4006FE2B1 /* Tutorial */ = {
			isa = PBXGroup;
			children = (
				0761E5C22AF051F4006FE2B1 /* FacialSDKManagerPSFUTutorialVC4DelExt.swift */,
			);
			path = Tutorial;
			sourceTree = "<group>";
		};
		0761E5C32AF051F4006FE2B1 /* Loading */ = {
			isa = PBXGroup;
			children = (
				0761E5C42AF051F4006FE2B1 /* FacialLoadingVCDelExt.swift */,
			);
			path = Loading;
			sourceTree = "<group>";
		};
		0761E5C52AF051F4006FE2B1 /* Timer */ = {
			isa = PBXGroup;
			children = (
			);
			path = Timer;
			sourceTree = "<group>";
		};
		0761E5C72AF051F4006FE2B1 /* Welcome */ = {
			isa = PBXGroup;
			children = (
				0761E5C82AF051F4006FE2B1 /* FacialPSWelcomeDelExt.swift */,
			);
			path = Welcome;
			sourceTree = "<group>";
		};
		0761E5C92AF051F4006FE2B1 /* Review */ = {
			isa = PBXGroup;
			children = (
				0761E5CA2AF051F4006FE2B1 /* FacialReviewVCDelegateExt.swift */,
			);
			path = Review;
			sourceTree = "<group>";
		};
		0761E5CB2AF051F4006FE2B1 /* DocumentsScan */ = {
			isa = PBXGroup;
			children = (
				0761E5CC2AF051F4006FE2B1 /* FacialPSFUDocumentScanHolderVCDelExt.swift */,
				0761E5CD2AF051F4006FE2B1 /* FacialPSFUDocumentCaptureOverlayVCDelExt.swift */,
				0761E5CE2AF051F4006FE2B1 /* FacialPSFUDocumentTutorialDelegateVCDelExt.swift */,
				0761E5CF2AF051F4006FE2B1 /* FacialPSFUIDocumentCaptureFirstVCDelExt.swift */,
				0761E5D02AF051F4006FE2B1 /* FacialCapturaManagerDelegateExt.swift */,
				0761E5D12AF051F4006FE2B1 /* FacialPSFUChooseDocsInstructionsVCDelExt.swift */,
			);
			path = DocumentsScan;
			sourceTree = "<group>";
		};
		0761E5D22AF051F4006FE2B1 /* 3dLiveness */ = {
			isa = PBXGroup;
			children = (
				0761E5D32AF051F4006FE2B1 /* FacialPSFU3DLivenessVCDelExt.swift */,
				0761E5D42AF051F4006FE2B1 /* FacialSDKManPSFUTutorial3DVCDelExt.swift */,
			);
			path = 3dLiveness;
			sourceTree = "<group>";
		};
		0761E5D52AF051F4006FE2B1 /* DaonSdk */ = {
			isa = PBXGroup;
			children = (
				0761E5D62AF051F4006FE2B1 /* classes */,
				0761E5DE2AF051F4006FE2B1 /* FIDO */,
				0761E5E32AF051F4006FE2B1 /* Enums */,
				0761E5E52AF051F4006FE2B1 /* PSDaonSdk.swift */,
				0761E5E62AF051F4006FE2B1 /* protocols */,
			);
			path = DaonSdk;
			sourceTree = "<group>";
		};
		0761E5D62AF051F4006FE2B1 /* classes */ = {
			isa = PBXGroup;
			children = (
				0761E5D72AF051F4006FE2B1 /* PSDKCapturedDocument.swift */,
				0761E5D82AF051F4006FE2B1 /* PSDKCaptureManager.swift */,
				0761E5D92AF051F4006FE2B1 /* DocumentCapture.storyboard */,
				0761E5DA2AF051F4006FE2B1 /* PSDKCapturedDocumentManager.swift */,
				0761E5DB2AF051F4006FE2B1 /* PSDKDocCaptOverlayHelperViewController.swift */,
				0761E5DC2AF051F4006FE2B1 /* PSDKLiveness3DManager.swift */,
				0761E5DD2AF051F4006FE2B1 /* PSDKSingleAuthenticatorContextManager.swift */,
			);
			path = classes;
			sourceTree = "<group>";
		};
		0761E5DE2AF051F4006FE2B1 /* FIDO */ = {
			isa = PBXGroup;
			children = (
				0761E5DF2AF051F4006FE2B1 /* Fido.swift */,
				0761E5E02AF051F4006FE2B1 /* PSDKError.swift */,
				0761E5E12AF051F4006FE2B1 /* FidoAuthenticationTask.swift */,
				0761E5E22AF051F4006FE2B1 /* FidoRegistrationTask.swift */,
			);
			path = FIDO;
			sourceTree = "<group>";
		};
		0761E5E32AF051F4006FE2B1 /* Enums */ = {
			isa = PBXGroup;
			children = (
				0761E5E42AF051F4006FE2B1 /* PSDKEnums.swift */,
			);
			path = Enums;
			sourceTree = "<group>";
		};
		0761E5E62AF051F4006FE2B1 /* protocols */ = {
			isa = PBXGroup;
			children = (
				0761E5E72AF051F4006FE2B1 /* PSDaonSdkDelegate.swift */,
			);
			path = protocols;
			sourceTree = "<group>";
		};
		0761E5E82AF051F4006FE2B1 /* Flow */ = {
			isa = PBXGroup;
			children = (
				0761E5E92AF051F4006FE2B1 /* CustomFlowEnrollByURLManager.swift */,
				0761E5EA2AF051F4006FE2B1 /* MyCustomFlowManager.swift */,
			);
			path = Flow;
			sourceTree = "<group>";
		};
		0761E5EB2AF051F4006FE2B1 /* FrameworkEngine */ = {
			isa = PBXGroup;
			children = (
				0761E5EC2AF051F4006FE2B1 /* PS_Facial_Engine.framework */,
			);
			path = FrameworkEngine;
			sourceTree = "<group>";
		};
		0761E5ED2AF051F4006FE2B1 /* Services */ = {
			isa = PBXGroup;
			children = (
				0761E5EE2AF051F4006FE2B1 /* PS_Facial_Services.framework */,
			);
			path = Services;
			sourceTree = "<group>";
		};
		0761E5EF2AF051F4006FE2B1 /* FrameworkUI */ = {
			isa = PBXGroup;
			children = (
				0761E5F02AF051F4006FE2B1 /* PS_FacialUI.framework */,
			);
			path = FrameworkUI;
			sourceTree = "<group>";
		};
		0761E5F12AF051F4006FE2B1 /* CertificationProcedures */ = {
			isa = PBXGroup;
			children = (
				0761E5F22AF051F4006FE2B1 /* PS_Notification.framework */,
			);
			path = CertificationProcedures;
			sourceTree = "<group>";
		};
		0761E5F32AF051F4006FE2B1 /* FrameworksAT */ = {
			isa = PBXGroup;
			children = (
				0761E5F42AF051F4006FE2B1 /* PS_BaseExternal.framework */,
				0761E5F52AF051F4006FE2B1 /* PS_Auto_Transfer.framework */,
			);
			path = FrameworksAT;
			sourceTree = "<group>";
		};
		35EE0D22F4A9DEA5F2579001 /* Pods */ = {
			isa = PBXGroup;
			children = (
				6EA9FD15C14952711C9C6846 /* Pods-iosApp.debug.xcconfig */,
				3FEF511E6EBB2C90240561BA /* Pods-iosApp.release.xcconfig */,
				8B2C3BE4B4E76C73BBF55F67 /* Pods-iosApp-iosApp.debug.xcconfig */,
				70C92A40ADC30DB8D13B42A6 /* Pods-iosApp-iosApp.release.xcconfig */,
			);
			path = Pods;
			sourceTree = "<group>";
		};
		3F76A44F8C756FE3728897C0 /* Frameworks */ = {
			isa = PBXGroup;
			children = (
				01F3287C5548B8BD15C92FF1 /* Pods_iosApp_iosApp.framework */,
			);
			name = Frameworks;
			sourceTree = "<group>";
		};
		7555FF72242A565900829871 = {
			isa = PBXGroup;
			children = (
				0761E5902AF051F4006FE2B1 /* ProcesarSDK */,
				7555FF7D242A565900829871 /* iosApp */,
				7555FF7C242A565900829871 /* Products */,
				35EE0D22F4A9DEA5F2579001 /* Pods */,
				3F76A44F8C756FE3728897C0 /* Frameworks */,
			);
			sourceTree = "<group>";
		};
		7555FF7C242A565900829871 /* Products */ = {
			isa = PBXGroup;
			children = (
				7555FF7B242A565900829871 /* iosApp.app */,
			);
			name = Products;
			sourceTree = "<group>";
		};
		7555FF7D242A565900829871 /* iosApp */ = {
			isa = PBXGroup;
			children = (
				058557BA273AAA24004C7B11 /* Assets.xcassets */,
				7555FF82242A565900829871 /* ContentView.swift */,
				7555FF8C242A565B00829871 /* Info.plist */,
				2152FB032600AC8F00CF470E /* iOSApp.swift */,
				058557D7273AAEEB004C7B11 /* Preview Content */,
				7B7556AB2AEAE47A00C4B219 /* PSSdkInitialize.swift */,
			);
			path = iosApp;
			sourceTree = "<group>";
		};
/* End PBXGroup section */

/* Begin PBXNativeTarget section */
		7555FF7A242A565900829871 /* iosApp */ = {
			isa = PBXNativeTarget;
			buildConfigurationList = 7555FFA5242A565B00829871 /* Build configuration list for PBXNativeTarget "iosApp" */;
			buildPhases = (
				8D319FEE58E9476F09CD2CEB /* [CP] Check Pods Manifest.lock */,
				7555FF77242A565900829871 /* Sources */,
				7555FF79242A565900829871 /* Resources */,
				50D0352A9830419BC24344CF /* Frameworks */,
				7B7557772AEAE4ED00C4B219 /* Embed Frameworks */,
				843AA72B7A49CEC2F2B8AB12 /* [CP] Embed Pods Frameworks */,
				82195942ABD23B4B639F1CE6 /* [CP] Copy Pods Resources */,
			);
			buildRules = (
			);
			dependencies = (
			);
			name = iosApp;
			productName = iosApp;
			productReference = 7555FF7B242A565900829871 /* iosApp.app */;
			productType = "com.apple.product-type.application";
		};
/* End PBXNativeTarget section */

/* Begin PBXProject section */
		7555FF73242A565900829871 /* Project object */ = {
			isa = PBXProject;
			attributes = {
				LastSwiftUpdateCheck = 1130;
				LastUpgradeCheck = 1130;
				ORGANIZATIONNAME = orgName;
				TargetAttributes = {
					7555FF7A242A565900829871 = {
						CreatedOnToolsVersion = 11.3.1;
					};
				};
			};
			buildConfigurationList = 7555FF76242A565900829871 /* Build configuration list for PBXProject "iosApp" */;
			compatibilityVersion = "Xcode 9.3";
			developmentRegion = en;
			hasScannedForEncodings = 0;
			knownRegions = (
				en,
				Base,
			);
			mainGroup = 7555FF72242A565900829871;
			productRefGroup = 7555FF7C242A565900829871 /* Products */;
			projectDirPath = "";
			projectRoot = "";
			targets = (
				7555FF7A242A565900829871 /* iosApp */,
			);
		};
/* End PBXProject section */

/* Begin PBXResourcesBuildPhase section */
		7555FF79242A565900829871 /* Resources */ = {
			isa = PBXResourcesBuildPhase;
			buildActionMask = 2147483647;
			files = (
				0761E5F72AF051F4006FE2B1 /* 1858_com.principal.fondosinversion2022-09-04 00_00_00.lic in Resources */,
				0761E6072AF051F4006FE2B1 /* Daon.bundle in Resources */,
				0761E60C2AF051F4006FE2B1 /* license.txt in Resources */,
				0761E63C2AF052A5006FE2B1 /* daon_doc_license.txt in Resources */,
				058557D9273AAEEB004C7B11 /* Preview Assets.xcassets in Resources */,
				058557BB273AAA24004C7B11 /* Assets.xcassets in Resources */,
				0761E60B2AF051F4006FE2B1 /* defaultPrefs.plist in Resources */,
				0761E6282AF051F4006FE2B1 /* DocumentCapture.storyboard in Resources */,
			);
			runOnlyForDeploymentPostprocessing = 0;
		};
/* End PBXResourcesBuildPhase section */

/* Begin PBXShellScriptBuildPhase section */
		82195942ABD23B4B639F1CE6 /* [CP] Copy Pods Resources */ = {
			isa = PBXShellScriptBuildPhase;
			buildActionMask = 2147483647;
			files = (
			);
			inputFileListPaths = (
				"${PODS_ROOT}/Target Support Files/Pods-iosApp-iosApp/Pods-iosApp-iosApp-resources-${CONFIGURATION}-input-files.xcfilelist",
			);
			name = "[CP] Copy Pods Resources";
			outputFileListPaths = (
				"${PODS_ROOT}/Target Support Files/Pods-iosApp-iosApp/Pods-iosApp-iosApp-resources-${CONFIGURATION}-output-files.xcfilelist",
			);
			runOnlyForDeploymentPostprocessing = 0;
			shellPath = /bin/sh;
			shellScript = "\"${PODS_ROOT}/Target Support Files/Pods-iosApp-iosApp/Pods-iosApp-iosApp-resources.sh\"\n";
			showEnvVarsInLog = 0;
		};
		843AA72B7A49CEC2F2B8AB12 /* [CP] Embed Pods Frameworks */ = {
			isa = PBXShellScriptBuildPhase;
			buildActionMask = 2147483647;
			files = (
			);
			inputFileListPaths = (
				"${PODS_ROOT}/Target Support Files/Pods-iosApp-iosApp/Pods-iosApp-iosApp-frameworks-${CONFIGURATION}-input-files.xcfilelist",
			);
			name = "[CP] Embed Pods Frameworks";
			outputFileListPaths = (
				"${PODS_ROOT}/Target Support Files/Pods-iosApp-iosApp/Pods-iosApp-iosApp-frameworks-${CONFIGURATION}-output-files.xcfilelist",
			);
			runOnlyForDeploymentPostprocessing = 0;
			shellPath = /bin/sh;
			shellScript = "\"${PODS_ROOT}/Target Support Files/Pods-iosApp-iosApp/Pods-iosApp-iosApp-frameworks.sh\"\n";
			showEnvVarsInLog = 0;
		};
		8D319FEE58E9476F09CD2CEB /* [CP] Check Pods Manifest.lock */ = {
			isa = PBXShellScriptBuildPhase;
			buildActionMask = 2147483647;
			files = (
			);
			inputFileListPaths = (
			);
			inputPaths = (
				"${PODS_PODFILE_DIR_PATH}/Podfile.lock",
				"${PODS_ROOT}/Manifest.lock",
			);
			name = "[CP] Check Pods Manifest.lock";
			outputFileListPaths = (
			);
			outputPaths = (
				"$(DERIVED_FILE_DIR)/Pods-iosApp-iosApp-checkManifestLockResult.txt",
			);
			runOnlyForDeploymentPostprocessing = 0;
			shellPath = /bin/sh;
			shellScript = "diff \"${PODS_PODFILE_DIR_PATH}/Podfile.lock\" \"${PODS_ROOT}/Manifest.lock\" > /dev/null\nif [ $? != 0 ] ; then\n    # print error to STDERR\n    echo \"error: The sandbox is not in sync with the Podfile.lock. Run 'pod install' or update your CocoaPods installation.\" >&2\n    exit 1\nfi\n# This output is used by Xcode 'outputs' to avoid re-running this script phase.\necho \"SUCCESS\" > \"${SCRIPT_OUTPUT_FILE_0}\"\n";
			showEnvVarsInLog = 0;
		};
/* End PBXShellScriptBuildPhase section */

/* Begin PBXSourcesBuildPhase section */
		7555FF77242A565900829871 /* Sources */ = {
			isa = PBXSourcesBuildPhase;
			buildActionMask = 2147483647;
			files = (
				0761E6292AF051F4006FE2B1 /* PSDKCapturedDocumentManager.swift in Sources */,
				7B7556AC2AEAE47A00C4B219 /* PSSdkInitialize.swift in Sources */,
				0761E62E2AF051F4006FE2B1 /* PSDKError.swift in Sources */,
				2152FB042600AC8F00CF470E /* iOSApp.swift in Sources */,
				0761E6232AF051F4006FE2B1 /* FacialPSFUChooseDocsInstructionsVCDelExt.swift in Sources */,
				0761E62A2AF051F4006FE2B1 /* PSDKDocCaptOverlayHelperViewController.swift in Sources */,
				0761E6102AF051F4006FE2B1 /* FacialDaonSdkDelExt.swift in Sources */,
				0761E6252AF051F4006FE2B1 /* FacialSDKManPSFUTutorial3DVCDelExt.swift in Sources */,
				0761E62D2AF051F4006FE2B1 /* Fido.swift in Sources */,
				0761E6182AF051F4006FE2B1 /* FacialPSFacialEngineMainAppDelExt.swift in Sources */,
				0761E6332AF051F4006FE2B1 /* PSDaonSdkDelegate.swift in Sources */,
				7555FF83242A565900829871 /* ContentView.swift in Sources */,
				0761E6112AF051F4006FE2B1 /* FacialSDKManager.swift in Sources */,
				0761E6322AF051F4006FE2B1 /* PSDaonSdk.swift in Sources */,
				0761E61E2AF051F4006FE2B1 /* FacialPSFUDocumentScanHolderVCDelExt.swift in Sources */,
				0761E6172AF051F4006FE2B1 /* FacialPSFacialEnginePSFacialServicesDelExt.swift in Sources */,
				0761E6352AF051F4006FE2B1 /* MyCustomFlowManager.swift in Sources */,
				0761E62C2AF051F4006FE2B1 /* PSDKSingleAuthenticatorContextManager.swift in Sources */,
				0761E6142AF051F4006FE2B1 /* FacialPSFacialEnginePSFacialUIDelExt.swift in Sources */,
				0761E6242AF051F4006FE2B1 /* FacialPSFU3DLivenessVCDelExt.swift in Sources */,
				0761E6192AF051F4006FE2B1 /* FacialSDKManagerPSFUTutorialVC4DelExt.swift in Sources */,
				0761E6212AF051F4006FE2B1 /* FacialPSFUIDocumentCaptureFirstVCDelExt.swift in Sources */,
				0761E6222AF051F4006FE2B1 /* FacialCapturaManagerDelegateExt.swift in Sources */,
				0761E6312AF051F4006FE2B1 /* PSDKEnums.swift in Sources */,
				0761E6272AF051F4006FE2B1 /* PSDKCaptureManager.swift in Sources */,
				0761E6342AF051F4006FE2B1 /* CustomFlowEnrollByURLManager.swift in Sources */,
				0761E61A2AF051F4006FE2B1 /* FacialLoadingVCDelExt.swift in Sources */,
				0761E6302AF051F4006FE2B1 /* FidoRegistrationTask.swift in Sources */,
				0761E61D2AF051F4006FE2B1 /* FacialReviewVCDelegateExt.swift in Sources */,
				0761E6132AF051F4006FE2B1 /* FacialPSFacialEnginePSDaonSdkDelExt.swift in Sources */,
				0761E61F2AF051F4006FE2B1 /* FacialPSFUDocumentCaptureOverlayVCDelExt.swift in Sources */,
				0761E61C2AF051F4006FE2B1 /* FacialPSWelcomeDelExt.swift in Sources */,
				0761E62F2AF051F4006FE2B1 /* FidoAuthenticationTask.swift in Sources */,
				0761E6262AF051F4006FE2B1 /* PSDKCapturedDocument.swift in Sources */,
				0761E6152AF051F4006FE2B1 /* FacialPSFacialEngineDelegateExt.swift in Sources */,
				0761E6162AF051F4006FE2B1 /* FacialPSFacialEngineCaptureManagerDelegateExt.swift in Sources */,
				0761E6202AF051F4006FE2B1 /* FacialPSFUDocumentTutorialDelegateVCDelExt.swift in Sources */,
				0761E6122AF051F4006FE2B1 /* FacialPSFacialServicesDelegate.swift in Sources */,
				0761E62B2AF051F4006FE2B1 /* PSDKLiveness3DManager.swift in Sources */,
			);
			runOnlyForDeploymentPostprocessing = 0;
		};
/* End PBXSourcesBuildPhase section */

/* Begin XCBuildConfiguration section */
		7555FFA3242A565B00829871 /* Debug */ = {
			isa = XCBuildConfiguration;
			buildSettings = {
				ALWAYS_SEARCH_USER_PATHS = NO;
				CLANG_ANALYZER_NONNULL = YES;
				CLANG_ANALYZER_NUMBER_OBJECT_CONVERSION = YES_AGGRESSIVE;
				CLANG_CXX_LANGUAGE_STANDARD = "gnu++14";
				CLANG_CXX_LIBRARY = "libc++";
				CLANG_ENABLE_MODULES = YES;
				CLANG_ENABLE_OBJC_ARC = YES;
				CLANG_ENABLE_OBJC_WEAK = YES;
				CLANG_WARN_BLOCK_CAPTURE_AUTORELEASING = YES;
				CLANG_WARN_BOOL_CONVERSION = YES;
				CLANG_WARN_COMMA = YES;
				CLANG_WARN_CONSTANT_CONVERSION = YES;
				CLANG_WARN_DEPRECATED_OBJC_IMPLEMENTATIONS = YES;
				CLANG_WARN_DIRECT_OBJC_ISA_USAGE = YES_ERROR;
				CLANG_WARN_DOCUMENTATION_COMMENTS = YES;
				CLANG_WARN_EMPTY_BODY = YES;
				CLANG_WARN_ENUM_CONVERSION = YES;
				CLANG_WARN_INFINITE_RECURSION = YES;
				CLANG_WARN_INT_CONVERSION = YES;
				CLANG_WARN_NON_LITERAL_NULL_CONVERSION = YES;
				CLANG_WARN_OBJC_IMPLICIT_RETAIN_SELF = YES;
				CLANG_WARN_OBJC_LITERAL_CONVERSION = YES;
				CLANG_WARN_OBJC_ROOT_CLASS = YES_ERROR;
				CLANG_WARN_QUOTED_INCLUDE_IN_FRAMEWORK_HEADER = YES;
				CLANG_WARN_RANGE_LOOP_ANALYSIS = YES;
				CLANG_WARN_STRICT_PROTOTYPES = YES;
				CLANG_WARN_SUSPICIOUS_MOVE = YES;
				CLANG_WARN_UNGUARDED_AVAILABILITY = YES_AGGRESSIVE;
				CLANG_WARN_UNREACHABLE_CODE = YES;
				CLANG_WARN__DUPLICATE_METHOD_MATCH = YES;
				COPY_PHASE_STRIP = NO;
				DEBUG_INFORMATION_FORMAT = "dwarf-with-dsym";
				ENABLE_STRICT_OBJC_MSGSEND = YES;
				ENABLE_TESTABILITY = YES;
				GCC_C_LANGUAGE_STANDARD = gnu11;
				GCC_DYNAMIC_NO_PIC = NO;
				GCC_NO_COMMON_BLOCKS = YES;
				GCC_OPTIMIZATION_LEVEL = 0;
				GCC_PREPROCESSOR_DEFINITIONS = (
					"DEBUG=1",
					"$(inherited)",
				);
				GCC_WARN_64_TO_32_BIT_CONVERSION = YES;
				GCC_WARN_ABOUT_RETURN_TYPE = YES_ERROR;
				GCC_WARN_UNDECLARED_SELECTOR = YES;
				GCC_WARN_UNINITIALIZED_AUTOS = YES_AGGRESSIVE;
				GCC_WARN_UNUSED_FUNCTION = YES;
				GCC_WARN_UNUSED_VARIABLE = YES;
				IPHONEOS_DEPLOYMENT_TARGET = 14.1;
				MTL_ENABLE_DEBUG_INFO = INCLUDE_SOURCE;
				MTL_FAST_MATH = YES;
				ONLY_ACTIVE_ARCH = YES;
				SDKROOT = iphoneos;
				SWIFT_ACTIVE_COMPILATION_CONDITIONS = DEBUG;
				SWIFT_OPTIMIZATION_LEVEL = "-Onone";
			};
			name = Debug;
		};
		7555FFA4242A565B00829871 /* Release */ = {
			isa = XCBuildConfiguration;
			buildSettings = {
				ALWAYS_SEARCH_USER_PATHS = NO;
				CLANG_ANALYZER_NONNULL = YES;
				CLANG_ANALYZER_NUMBER_OBJECT_CONVERSION = YES_AGGRESSIVE;
				CLANG_CXX_LANGUAGE_STANDARD = "gnu++14";
				CLANG_CXX_LIBRARY = "libc++";
				CLANG_ENABLE_MODULES = YES;
				CLANG_ENABLE_OBJC_ARC = YES;
				CLANG_ENABLE_OBJC_WEAK = YES;
				CLANG_WARN_BLOCK_CAPTURE_AUTORELEASING = YES;
				CLANG_WARN_BOOL_CONVERSION = YES;
				CLANG_WARN_COMMA = YES;
				CLANG_WARN_CONSTANT_CONVERSION = YES;
				CLANG_WARN_DEPRECATED_OBJC_IMPLEMENTATIONS = YES;
				CLANG_WARN_DIRECT_OBJC_ISA_USAGE = YES_ERROR;
				CLANG_WARN_DOCUMENTATION_COMMENTS = YES;
				CLANG_WARN_EMPTY_BODY = YES;
				CLANG_WARN_ENUM_CONVERSION = YES;
				CLANG_WARN_INFINITE_RECURSION = YES;
				CLANG_WARN_INT_CONVERSION = YES;
				CLANG_WARN_NON_LITERAL_NULL_CONVERSION = YES;
				CLANG_WARN_OBJC_IMPLICIT_RETAIN_SELF = YES;
				CLANG_WARN_OBJC_LITERAL_CONVERSION = YES;
				CLANG_WARN_OBJC_ROOT_CLASS = YES_ERROR;
				CLANG_WARN_QUOTED_INCLUDE_IN_FRAMEWORK_HEADER = YES;
				CLANG_WARN_RANGE_LOOP_ANALYSIS = YES;
				CLANG_WARN_STRICT_PROTOTYPES = YES;
				CLANG_WARN_SUSPICIOUS_MOVE = YES;
				CLANG_WARN_UNGUARDED_AVAILABILITY = YES_AGGRESSIVE;
				CLANG_WARN_UNREACHABLE_CODE = YES;
				CLANG_WARN__DUPLICATE_METHOD_MATCH = YES;
				COPY_PHASE_STRIP = NO;
				DEBUG_INFORMATION_FORMAT = "dwarf-with-dsym";
				ENABLE_NS_ASSERTIONS = NO;
				ENABLE_STRICT_OBJC_MSGSEND = YES;
				GCC_C_LANGUAGE_STANDARD = gnu11;
				GCC_NO_COMMON_BLOCKS = YES;
				GCC_WARN_64_TO_32_BIT_CONVERSION = YES;
				GCC_WARN_ABOUT_RETURN_TYPE = YES_ERROR;
				GCC_WARN_UNDECLARED_SELECTOR = YES;
				GCC_WARN_UNINITIALIZED_AUTOS = YES_AGGRESSIVE;
				GCC_WARN_UNUSED_FUNCTION = YES;
				GCC_WARN_UNUSED_VARIABLE = YES;
				IPHONEOS_DEPLOYMENT_TARGET = 14.1;
				MTL_ENABLE_DEBUG_INFO = NO;
				MTL_FAST_MATH = YES;
				SDKROOT = iphoneos;
				SWIFT_COMPILATION_MODE = wholemodule;
				SWIFT_OPTIMIZATION_LEVEL = "-O";
				VALIDATE_PRODUCT = YES;
			};
			name = Release;
		};
		7555FFA6242A565B00829871 /* Debug */ = {
			isa = XCBuildConfiguration;
			baseConfigurationReference = 8B2C3BE4B4E76C73BBF55F67 /* Pods-iosApp-iosApp.debug.xcconfig */;
			buildSettings = {
				ASSETCATALOG_COMPILER_APPICON_NAME = AppIcon;
				"CODE_SIGN_IDENTITY[sdk=iphoneos*]" = "iPhone Developer";
				CODE_SIGN_STYLE = Manual;
				DEVELOPMENT_ASSET_PATHS = "\"iosApp/Preview Content\"";
				DEVELOPMENT_TEAM = "";
				"DEVELOPMENT_TEAM[sdk=iphoneos*]" = R2SKR88VKB;
				ENABLE_PREVIEWS = YES;
				FRAMEWORK_SEARCH_PATHS = (
					"$(inherited)",
					"$(PROJECT_DIR)/ProcesarSDK/Core",
					"$(PROJECT_DIR)/ProcesarSDK/PSFingerPrint",
					"$(PROJECT_DIR)/ProcesarSDK/Facial/FrameworkEngine",
					"$(PROJECT_DIR)/ProcesarSDK/Facial/Services",
					"$(PROJECT_DIR)/ProcesarSDK/Facial/FrameworkUI",
					"$(PROJECT_DIR)/ProcesarSDK/CertificationProcedures",
					"$(PROJECT_DIR)/ProcesarSDK/FrameworksAT",
				);
				INFOPLIST_FILE = iosApp/Info.plist;
				IPHONEOS_DEPLOYMENT_TARGET = 14.1;
				LD_RUNPATH_SEARCH_PATHS = (
					"$(inherited)",
					"@executable_path/Frameworks",
				);
				PRODUCT_BUNDLE_IDENTIFIER = com.principal.fondosinversion;
				PRODUCT_NAME = "$(TARGET_NAME)";
				PROVISIONING_PROFILE_SPECIFIER = "";
				"PROVISIONING_PROFILE_SPECIFIER[sdk=iphoneos*]" = PrincipalProfileDev;
				SWIFT_VERSION = 5.0;
				TARGETED_DEVICE_FAMILY = "1,2";
			};
			name = Debug;
		};
		7555FFA7242A565B00829871 /* Release */ = {
			isa = XCBuildConfiguration;
			baseConfigurationReference = 70C92A40ADC30DB8D13B42A6 /* Pods-iosApp-iosApp.release.xcconfig */;
			buildSettings = {
				ASSETCATALOG_COMPILER_APPICON_NAME = AppIcon;
				"CODE_SIGN_IDENTITY[sdk=iphoneos*]" = "iPhone Developer";
				CODE_SIGN_STYLE = Manual;
				DEVELOPMENT_ASSET_PATHS = "\"iosApp/Preview Content\"";
				DEVELOPMENT_TEAM = "";
				"DEVELOPMENT_TEAM[sdk=iphoneos*]" = R2SKR88VKB;
				ENABLE_PREVIEWS = YES;
				FRAMEWORK_SEARCH_PATHS = (
					"$(inherited)",
					"$(PROJECT_DIR)/ProcesarSDK/Core",
					"$(PROJECT_DIR)/ProcesarSDK/PSFingerPrint",
					"$(PROJECT_DIR)/ProcesarSDK/Facial/FrameworkEngine",
					"$(PROJECT_DIR)/ProcesarSDK/Facial/Services",
					"$(PROJECT_DIR)/ProcesarSDK/Facial/FrameworkUI",
					"$(PROJECT_DIR)/ProcesarSDK/CertificationProcedures",
					"$(PROJECT_DIR)/ProcesarSDK/FrameworksAT",
				);
				INFOPLIST_FILE = iosApp/Info.plist;
				IPHONEOS_DEPLOYMENT_TARGET = 14.1;
				LD_RUNPATH_SEARCH_PATHS = (
					"$(inherited)",
					"@executable_path/Frameworks",
				);
				PRODUCT_BUNDLE_IDENTIFIER = com.principal.fondosinversion;
				PRODUCT_NAME = "$(TARGET_NAME)";
				PROVISIONING_PROFILE_SPECIFIER = "";
				"PROVISIONING_PROFILE_SPECIFIER[sdk=iphoneos*]" = PrincipalProfileDev;
				SWIFT_VERSION = 5.0;
				TARGETED_DEVICE_FAMILY = "1,2";
			};
			name = Release;
		};
/* End XCBuildConfiguration section */

/* Begin XCConfigurationList section */
		7555FF76242A565900829871 /* Build configuration list for PBXProject "iosApp" */ = {
			isa = XCConfigurationList;
			buildConfigurations = (
				7555FFA3242A565B00829871 /* Debug */,
				7555FFA4242A565B00829871 /* Release */,
			);
			defaultConfigurationIsVisible = 0;
			defaultConfigurationName = Release;
		};
		7555FFA5242A565B00829871 /* Build configuration list for PBXNativeTarget "iosApp" */ = {
			isa = XCConfigurationList;
			buildConfigurations = (
				7555FFA6242A565B00829871 /* Debug */,
				7555FFA7242A565B00829871 /* Release */,
			);
			defaultConfigurationIsVisible = 0;
			defaultConfigurationName = Release;
		};
/* End XCConfigurationList section */
	};
	rootObject = 7555FF73242A565900829871 /* Project object */;
}
